// !$*UTF8*$!
{
	archiveVersion = 1;
	classes = {
	};
	objectVersion = 51;
	objects = {

/* Begin PBXBuildFile section */
		DC4B28FD24B35670000FA348 /* TranslationsVC.swift in Sources */ = {isa = PBXBuildFile; fileRef = DC4B28FC24B35670000FA348 /* TranslationsVC.swift */; };
		DC4B28FF24B36EE0000FA348 /* HelperFunctions.swift in Sources */ = {isa = PBXBuildFile; fileRef = DC4B28FE24B36EE0000FA348 /* HelperFunctions.swift */; };
		DC686DA02472C9790001FF64 /* AppDelegate.swift in Sources */ = {isa = PBXBuildFile; fileRef = DC686D9F2472C9790001FF64 /* AppDelegate.swift */; };
		DC686DA22472C9790001FF64 /* SceneDelegate.swift in Sources */ = {isa = PBXBuildFile; fileRef = DC686DA12472C9790001FF64 /* SceneDelegate.swift */; };
		DC686DA42472C9790001FF64 /* ViewController.swift in Sources */ = {isa = PBXBuildFile; fileRef = DC686DA32472C9790001FF64 /* ViewController.swift */; };
		DC686DA72472C9790001FF64 /* Main.storyboard in Resources */ = {isa = PBXBuildFile; fileRef = DC686DA52472C9790001FF64 /* Main.storyboard */; };
		DC686DA92472C97B0001FF64 /* Assets.xcassets in Resources */ = {isa = PBXBuildFile; fileRef = DC686DA82472C97B0001FF64 /* Assets.xcassets */; };
		DC686DAC2472C97B0001FF64 /* LaunchScreen.storyboard in Resources */ = {isa = PBXBuildFile; fileRef = DC686DAA2472C97B0001FF64 /* LaunchScreen.storyboard */; };
		DC6A429A24C73D3100267A18 /* BluetoothService.swift in Sources */ = {isa = PBXBuildFile; fileRef = DC6A429924C73D3100267A18 /* BluetoothService.swift */; };
		DCA41D7D24AE361500C5F8C6 /* Localizable.strings in Resources */ = {isa = PBXBuildFile; fileRef = DCA41D7F24AE361500C5F8C6 /* Localizable.strings */; };
		DCA41D8424AE45C700C5F8C6 /* DataModel.swift in Sources */ = {isa = PBXBuildFile; fileRef = DCA41D8324AE45C700C5F8C6 /* DataModel.swift */; };
		DCB77AB924D0650B008C18B4 /* PeripheralCell.swift in Sources */ = {isa = PBXBuildFile; fileRef = DCB77AB824D0650B008C18B4 /* PeripheralCell.swift */; };
		DCEAFF9824C0C28900BF3CE9 /* CentralManager.swift in Sources */ = {isa = PBXBuildFile; fileRef = DCEAFF9724C0C28900BF3CE9 /* CentralManager.swift */; };
		DCEAFF9A24C0C60C00BF3CE9 /* PeripheralManager.swift in Sources */ = {isa = PBXBuildFile; fileRef = DCEAFF9924C0C60C00BF3CE9 /* PeripheralManager.swift */; };
		EFBE08D4879C5FB76B93B7FF /* Pods_iOS_Central_App.framework in Frameworks */ = {isa = PBXBuildFile; fileRef = 43D2CD58381944A3EEA845F6 /* Pods_iOS_Central_App.framework */; };
/* End PBXBuildFile section */

/* Begin PBXFileReference section */
		2182DF6AD28CC897CD80C615 /* Pods-iOS-Central-App.debug.xcconfig */ = {isa = PBXFileReference; includeInIndex = 1; lastKnownFileType = text.xcconfig; name = "Pods-iOS-Central-App.debug.xcconfig"; path = "Target Support Files/Pods-iOS-Central-App/Pods-iOS-Central-App.debug.xcconfig"; sourceTree = "<group>"; };
		43D2CD58381944A3EEA845F6 /* Pods_iOS_Central_App.framework */ = {isa = PBXFileReference; explicitFileType = wrapper.framework; includeInIndex = 0; path = Pods_iOS_Central_App.framework; sourceTree = BUILT_PRODUCTS_DIR; };
		906F9B10A756B72A0F52093D /* Pods-iOS-Central-App.release.xcconfig */ = {isa = PBXFileReference; includeInIndex = 1; lastKnownFileType = text.xcconfig; name = "Pods-iOS-Central-App.release.xcconfig"; path = "Target Support Files/Pods-iOS-Central-App/Pods-iOS-Central-App.release.xcconfig"; sourceTree = "<group>"; };
		DC4B28FC24B35670000FA348 /* TranslationsVC.swift */ = {isa = PBXFileReference; lastKnownFileType = sourcecode.swift; path = TranslationsVC.swift; sourceTree = "<group>"; };
		DC4B28FE24B36EE0000FA348 /* HelperFunctions.swift */ = {isa = PBXFileReference; lastKnownFileType = sourcecode.swift; path = HelperFunctions.swift; sourceTree = "<group>"; };
		DC686D9C2472C9790001FF64 /* iOS-Central-App.app */ = {isa = PBXFileReference; explicitFileType = wrapper.application; includeInIndex = 0; path = "iOS-Central-App.app"; sourceTree = BUILT_PRODUCTS_DIR; };
		DC686D9F2472C9790001FF64 /* AppDelegate.swift */ = {isa = PBXFileReference; lastKnownFileType = sourcecode.swift; path = AppDelegate.swift; sourceTree = "<group>"; };
		DC686DA12472C9790001FF64 /* SceneDelegate.swift */ = {isa = PBXFileReference; lastKnownFileType = sourcecode.swift; path = SceneDelegate.swift; sourceTree = "<group>"; };
		DC686DA32472C9790001FF64 /* ViewController.swift */ = {isa = PBXFileReference; lastKnownFileType = sourcecode.swift; path = ViewController.swift; sourceTree = "<group>"; };
		DC686DA62472C9790001FF64 /* Base */ = {isa = PBXFileReference; lastKnownFileType = file.storyboard; name = Base; path = Base.lproj/Main.storyboard; sourceTree = "<group>"; };
		DC686DA82472C97B0001FF64 /* Assets.xcassets */ = {isa = PBXFileReference; lastKnownFileType = folder.assetcatalog; path = Assets.xcassets; sourceTree = "<group>"; };
		DC686DAB2472C97B0001FF64 /* Base */ = {isa = PBXFileReference; lastKnownFileType = file.storyboard; name = Base; path = Base.lproj/LaunchScreen.storyboard; sourceTree = "<group>"; };
		DC686DAD2472C97B0001FF64 /* Info.plist */ = {isa = PBXFileReference; lastKnownFileType = text.plist.xml; path = Info.plist; sourceTree = "<group>"; };
		DC6A429924C73D3100267A18 /* BluetoothService.swift */ = {isa = PBXFileReference; lastKnownFileType = sourcecode.swift; path = BluetoothService.swift; sourceTree = "<group>"; };
		DCA41D5924ACC6A700C5F8C6 /* es */ = {isa = PBXFileReference; lastKnownFileType = text.plist.strings; name = es; path = es.lproj/Main.strings; sourceTree = "<group>"; };
		DCA41D5A24ACC6A800C5F8C6 /* es */ = {isa = PBXFileReference; lastKnownFileType = text.plist.strings; name = es; path = es.lproj/LaunchScreen.strings; sourceTree = "<group>"; };
		DCA41D7E24AE361500C5F8C6 /* es */ = {isa = PBXFileReference; lastKnownFileType = text.plist.strings; name = es; path = es.lproj/Localizable.strings; sourceTree = "<group>"; };
		DCA41D8124AE364F00C5F8C6 /* en */ = {isa = PBXFileReference; lastKnownFileType = text.plist.strings; name = en; path = en.lproj/Localizable.strings; sourceTree = "<group>"; };
		DCA41D8324AE45C700C5F8C6 /* DataModel.swift */ = {isa = PBXFileReference; lastKnownFileType = sourcecode.swift; path = DataModel.swift; sourceTree = "<group>"; };
		DCB77AB824D0650B008C18B4 /* PeripheralCell.swift */ = {isa = PBXFileReference; lastKnownFileType = sourcecode.swift; path = PeripheralCell.swift; sourceTree = "<group>"; };
		DCEAFF9724C0C28900BF3CE9 /* CentralManager.swift */ = {isa = PBXFileReference; lastKnownFileType = sourcecode.swift; path = CentralManager.swift; sourceTree = "<group>"; };
		DCEAFF9924C0C60C00BF3CE9 /* PeripheralManager.swift */ = {isa = PBXFileReference; lastKnownFileType = sourcecode.swift; path = PeripheralManager.swift; sourceTree = "<group>"; };
/* End PBXFileReference section */

/* Begin PBXFrameworksBuildPhase section */
		DC686D992472C9790001FF64 /* Frameworks */ = {
			isa = PBXFrameworksBuildPhase;
			buildActionMask = 2147483647;
			files = (
				EFBE08D4879C5FB76B93B7FF /* Pods_iOS_Central_App.framework in Frameworks */,
			);
			runOnlyForDeploymentPostprocessing = 0;
		};
/* End PBXFrameworksBuildPhase section */

/* Begin PBXGroup section */
		7037B58B317D002E77E4997D /* Frameworks */ = {
			isa = PBXGroup;
			children = (
				43D2CD58381944A3EEA845F6 /* Pods_iOS_Central_App.framework */,
			);
			name = Frameworks;
			sourceTree = "<group>";
		};
		9C17A6EDAB8403A4848DEE55 /* Pods */ = {
			isa = PBXGroup;
			children = (
				2182DF6AD28CC897CD80C615 /* Pods-iOS-Central-App.debug.xcconfig */,
				906F9B10A756B72A0F52093D /* Pods-iOS-Central-App.release.xcconfig */,
			);
			path = Pods;
			sourceTree = "<group>";
		};
		DC686D932472C9780001FF64 = {
			isa = PBXGroup;
			children = (
				DC686D9E2472C9790001FF64 /* iOS-Central-App */,
				DC686D9D2472C9790001FF64 /* Products */,
				9C17A6EDAB8403A4848DEE55 /* Pods */,
				7037B58B317D002E77E4997D /* Frameworks */,
			);
			sourceTree = "<group>";
		};
		DC686D9D2472C9790001FF64 /* Products */ = {
			isa = PBXGroup;
			children = (
				DC686D9C2472C9790001FF64 /* iOS-Central-App.app */,
			);
			name = Products;
			sourceTree = "<group>";
		};
		DC686D9E2472C9790001FF64 /* iOS-Central-App */ = {
			isa = PBXGroup;
			children = (
				DCA41D8624AE53EB00C5F8C6 /* Controller */,
				DCA41D8524AE53E100C5F8C6 /* View */,
				DCA41D8224AE45AF00C5F8C6 /* Model */,
				DC686D9F2472C9790001FF64 /* AppDelegate.swift */,
				DC686DA12472C9790001FF64 /* SceneDelegate.swift */,
				DC686DA52472C9790001FF64 /* Main.storyboard */,
				DC686DA82472C97B0001FF64 /* Assets.xcassets */,
				DC686DAA2472C97B0001FF64 /* LaunchScreen.storyboard */,
				DC686DAD2472C97B0001FF64 /* Info.plist */,
				DCA41D7F24AE361500C5F8C6 /* Localizable.strings */,
			);
			path = "iOS-Central-App";
			sourceTree = "<group>";
		};
		DCA41D8224AE45AF00C5F8C6 /* Model */ = {
			isa = PBXGroup;
			children = (
				DCA41D8324AE45C700C5F8C6 /* DataModel.swift */,
				DC4B28FE24B36EE0000FA348 /* HelperFunctions.swift */,
				DCEAFF9724C0C28900BF3CE9 /* CentralManager.swift */,
				DCEAFF9924C0C60C00BF3CE9 /* PeripheralManager.swift */,
				DC6A429924C73D3100267A18 /* BluetoothService.swift */,
			);
			path = Model;
			sourceTree = "<group>";
		};
		DCA41D8524AE53E100C5F8C6 /* View */ = {
			isa = PBXGroup;
			children = (
				DCB77AB824D0650B008C18B4 /* PeripheralCell.swift */,
			);
			path = View;
			sourceTree = "<group>";
		};
		DCA41D8624AE53EB00C5F8C6 /* Controller */ = {
			isa = PBXGroup;
			children = (
				DC686DA32472C9790001FF64 /* ViewController.swift */,
				DC4B28FC24B35670000FA348 /* TranslationsVC.swift */,
			);
			path = Controller;
			sourceTree = "<group>";
		};
/* End PBXGroup section */

/* Begin PBXNativeTarget section */
		DC686D9B2472C9790001FF64 /* iOS-Central-App */ = {
			isa = PBXNativeTarget;
			buildConfigurationList = DC686DB02472C97B0001FF64 /* Build configuration list for PBXNativeTarget "iOS-Central-App" */;
			buildPhases = (
				1EB513E0510F278A39F41A12 /* [CP] Check Pods Manifest.lock */,
				DC686D982472C9790001FF64 /* Sources */,
				DC686D992472C9790001FF64 /* Frameworks */,
				DC686D9A2472C9790001FF64 /* Resources */,
				BCB9BAE242620CEF83465EF1 /* [CP] Embed Pods Frameworks */,
			);
			buildRules = (
			);
			dependencies = (
			);
			name = "iOS-Central-App";
			productName = "iOS-Central-App";
			productReference = DC686D9C2472C9790001FF64 /* iOS-Central-App.app */;
			productType = "com.apple.product-type.application";
		};
/* End PBXNativeTarget section */

/* Begin PBXProject section */
		DC686D942472C9780001FF64 /* Project object */ = {
			isa = PBXProject;
			attributes = {
				LastSwiftUpdateCheck = 1140;
				LastUpgradeCheck = 1140;
				ORGANIZATIONNAME = "Adrian Galecki";
				TargetAttributes = {
					DC686D9B2472C9790001FF64 = {
						CreatedOnToolsVersion = 11.4.1;
					};
				};
			};
			buildConfigurationList = DC686D972472C9780001FF64 /* Build configuration list for PBXProject "iOS-Central-App" */;
			compatibilityVersion = "Xcode 9.3";
			developmentRegion = en;
			hasScannedForEncodings = 0;
			knownRegions = (
				en,
				Base,
				es,
			);
			mainGroup = DC686D932472C9780001FF64;
			productRefGroup = DC686D9D2472C9790001FF64 /* Products */;
			projectDirPath = "";
			projectRoot = "";
			targets = (
				DC686D9B2472C9790001FF64 /* iOS-Central-App */,
			);
		};
/* End PBXProject section */

/* Begin PBXResourcesBuildPhase section */
		DC686D9A2472C9790001FF64 /* Resources */ = {
			isa = PBXResourcesBuildPhase;
			buildActionMask = 2147483647;
			files = (
				DC686DAC2472C97B0001FF64 /* LaunchScreen.storyboard in Resources */,
				DCA41D7D24AE361500C5F8C6 /* Localizable.strings in Resources */,
				DC686DA92472C97B0001FF64 /* Assets.xcassets in Resources */,
				DC686DA72472C9790001FF64 /* Main.storyboard in Resources */,
			);
			runOnlyForDeploymentPostprocessing = 0;
		};
/* End PBXResourcesBuildPhase section */

/* Begin PBXShellScriptBuildPhase section */
		1EB513E0510F278A39F41A12 /* [CP] Check Pods Manifest.lock */ = {
			isa = PBXShellScriptBuildPhase;
			buildActionMask = 2147483647;
			files = (
			);
			inputFileListPaths = (
			);
			inputPaths = (
				"${PODS_PODFILE_DIR_PATH}/Podfile.lock",
				"${PODS_ROOT}/Manifest.lock",
			);
			name = "[CP] Check Pods Manifest.lock";
			outputFileListPaths = (
			);
			outputPaths = (
				"$(DERIVED_FILE_DIR)/Pods-iOS-Central-App-checkManifestLockResult.txt",
			);
			runOnlyForDeploymentPostprocessing = 0;
			shellPath = /bin/sh;
			shellScript = "diff \"${PODS_PODFILE_DIR_PATH}/Podfile.lock\" \"${PODS_ROOT}/Manifest.lock\" > /dev/null\nif [ $? != 0 ] ; then\n    # print error to STDERR\n    echo \"error: The sandbox is not in sync with the Podfile.lock. Run 'pod install' or update your CocoaPods installation.\" >&2\n    exit 1\nfi\n# This output is used by Xcode 'outputs' to avoid re-running this script phase.\necho \"SUCCESS\" > \"${SCRIPT_OUTPUT_FILE_0}\"\n";
			showEnvVarsInLog = 0;
		};
		BCB9BAE242620CEF83465EF1 /* [CP] Embed Pods Frameworks */ = {
			isa = PBXShellScriptBuildPhase;
			buildActionMask = 2147483647;
			files = (
			);
			inputFileListPaths = (
				"${PODS_ROOT}/Target Support Files/Pods-iOS-Central-App/Pods-iOS-Central-App-frameworks-${CONFIGURATION}-input-files.xcfilelist",
			);
			name = "[CP] Embed Pods Frameworks";
			outputFileListPaths = (
				"${PODS_ROOT}/Target Support Files/Pods-iOS-Central-App/Pods-iOS-Central-App-frameworks-${CONFIGURATION}-output-files.xcfilelist",
			);
			runOnlyForDeploymentPostprocessing = 0;
			shellPath = /bin/sh;
			shellScript = "\"${PODS_ROOT}/Target Support Files/Pods-iOS-Central-App/Pods-iOS-Central-App-frameworks.sh\"\n";
			showEnvVarsInLog = 0;
		};
/* End PBXShellScriptBuildPhase section */

/* Begin PBXSourcesBuildPhase section */
		DC686D982472C9790001FF64 /* Sources */ = {
			isa = PBXSourcesBuildPhase;
			buildActionMask = 2147483647;
			files = (
				DCA41D8424AE45C700C5F8C6 /* DataModel.swift in Sources */,
				DCB77AB924D0650B008C18B4 /* PeripheralCell.swift in Sources */,
				DCEAFF9A24C0C60C00BF3CE9 /* PeripheralManager.swift in Sources */,
				DC686DA42472C9790001FF64 /* ViewController.swift in Sources */,
				DC686DA02472C9790001FF64 /* AppDelegate.swift in Sources */,
				DC4B28FD24B35670000FA348 /* TranslationsVC.swift in Sources */,
				DC686DA22472C9790001FF64 /* SceneDelegate.swift in Sources */,
				DC4B28FF24B36EE0000FA348 /* HelperFunctions.swift in Sources */,
				DC6A429A24C73D3100267A18 /* BluetoothService.swift in Sources */,
				DCEAFF9824C0C28900BF3CE9 /* CentralManager.swift in Sources */,
			);
			runOnlyForDeploymentPostprocessing = 0;
		};
/* End PBXSourcesBuildPhase section */

/* Begin PBXVariantGroup section */
		DC686DA52472C9790001FF64 /* Main.storyboard */ = {
			isa = PBXVariantGroup;
			children = (
				DC686DA62472C9790001FF64 /* Base */,
				DCA41D5924ACC6A700C5F8C6 /* es */,
			);
			name = Main.storyboard;
			sourceTree = "<group>";
		};
		DC686DAA2472C97B0001FF64 /* LaunchScreen.storyboard */ = {
			isa = PBXVariantGroup;
			children = (
				DC686DAB2472C97B0001FF64 /* Base */,
				DCA41D5A24ACC6A800C5F8C6 /* es */,
			);
			name = LaunchScreen.storyboard;
			sourceTree = "<group>";
		};
		DCA41D7F24AE361500C5F8C6 /* Localizable.strings */ = {
			isa = PBXVariantGroup;
			children = (
				DCA41D7E24AE361500C5F8C6 /* es */,
				DCA41D8124AE364F00C5F8C6 /* en */,
			);
			name = Localizable.strings;
			sourceTree = "<group>";
		};
/* End PBXVariantGroup section */

/* Begin XCBuildConfiguration section */
		DC686DAE2472C97B0001FF64 /* Debug */ = {
			isa = XCBuildConfiguration;
			buildSettings = {
				ALWAYS_SEARCH_USER_PATHS = NO;
				CLANG_ANALYZER_LOCALIZABILITY_NONLOCALIZED = YES;
				CLANG_ANALYZER_NONNULL = YES;
				CLANG_ANALYZER_NUMBER_OBJECT_CONVERSION = YES_AGGRESSIVE;
				CLANG_CXX_LANGUAGE_STANDARD = "gnu++14";
				CLANG_CXX_LIBRARY = "libc++";
				CLANG_ENABLE_MODULES = YES;
				CLANG_ENABLE_OBJC_ARC = YES;
				CLANG_ENABLE_OBJC_WEAK = YES;
				CLANG_WARN_BLOCK_CAPTURE_AUTORELEASING = YES;
				CLANG_WARN_BOOL_CONVERSION = YES;
				CLANG_WARN_COMMA = YES;
				CLANG_WARN_CONSTANT_CONVERSION = YES;
				CLANG_WARN_DEPRECATED_OBJC_IMPLEMENTATIONS = YES;
				CLANG_WARN_DIRECT_OBJC_ISA_USAGE = YES_ERROR;
				CLANG_WARN_DOCUMENTATION_COMMENTS = YES;
				CLANG_WARN_EMPTY_BODY = YES;
				CLANG_WARN_ENUM_CONVERSION = YES;
				CLANG_WARN_INFINITE_RECURSION = YES;
				CLANG_WARN_INT_CONVERSION = YES;
				CLANG_WARN_NON_LITERAL_NULL_CONVERSION = YES;
				CLANG_WARN_OBJC_IMPLICIT_RETAIN_SELF = YES;
				CLANG_WARN_OBJC_LITERAL_CONVERSION = YES;
				CLANG_WARN_OBJC_ROOT_CLASS = YES_ERROR;
				CLANG_WARN_RANGE_LOOP_ANALYSIS = YES;
				CLANG_WARN_STRICT_PROTOTYPES = YES;
				CLANG_WARN_SUSPICIOUS_MOVE = YES;
				CLANG_WARN_UNGUARDED_AVAILABILITY = YES_AGGRESSIVE;
				CLANG_WARN_UNREACHABLE_CODE = YES;
				CLANG_WARN__DUPLICATE_METHOD_MATCH = YES;
				COPY_PHASE_STRIP = NO;
				DEBUG_INFORMATION_FORMAT = dwarf;
				ENABLE_STRICT_OBJC_MSGSEND = YES;
				ENABLE_TESTABILITY = YES;
				GCC_C_LANGUAGE_STANDARD = gnu11;
				GCC_DYNAMIC_NO_PIC = NO;
				GCC_NO_COMMON_BLOCKS = YES;
				GCC_OPTIMIZATION_LEVEL = 0;
				GCC_PREPROCESSOR_DEFINITIONS = (
					"DEBUG=1",
					"$(inherited)",
				);
				GCC_WARN_64_TO_32_BIT_CONVERSION = YES;
				GCC_WARN_ABOUT_RETURN_TYPE = YES_ERROR;
				GCC_WARN_UNDECLARED_SELECTOR = YES;
				GCC_WARN_UNINITIALIZED_AUTOS = YES_AGGRESSIVE;
				GCC_WARN_UNUSED_FUNCTION = YES;
				GCC_WARN_UNUSED_VARIABLE = YES;
				IPHONEOS_DEPLOYMENT_TARGET = 13.4;
				MTL_ENABLE_DEBUG_INFO = INCLUDE_SOURCE;
				MTL_FAST_MATH = YES;
				ONLY_ACTIVE_ARCH = YES;
				SDKROOT = iphoneos;
				SWIFT_ACTIVE_COMPILATION_CONDITIONS = DEBUG;
				SWIFT_OPTIMIZATION_LEVEL = "-Onone";
			};
			name = Debug;
		};
		DC686DAF2472C97B0001FF64 /* Release */ = {
			isa = XCBuildConfiguration;
			buildSettings = {
				ALWAYS_SEARCH_USER_PATHS = NO;
				CLANG_ANALYZER_LOCALIZABILITY_NONLOCALIZED = YES;
				CLANG_ANALYZER_NONNULL = YES;
				CLANG_ANALYZER_NUMBER_OBJECT_CONVERSION = YES_AGGRESSIVE;
				CLANG_CXX_LANGUAGE_STANDARD = "gnu++14";
				CLANG_CXX_LIBRARY = "libc++";
				CLANG_ENABLE_MODULES = YES;
				CLANG_ENABLE_OBJC_ARC = YES;
				CLANG_ENABLE_OBJC_WEAK = YES;
				CLANG_WARN_BLOCK_CAPTURE_AUTORELEASING = YES;
				CLANG_WARN_BOOL_CONVERSION = YES;
				CLANG_WARN_COMMA = YES;
				CLANG_WARN_CONSTANT_CONVERSION = YES;
				CLANG_WARN_DEPRECATED_OBJC_IMPLEMENTATIONS = YES;
				CLANG_WARN_DIRECT_OBJC_ISA_USAGE = YES_ERROR;
				CLANG_WARN_DOCUMENTATION_COMMENTS = YES;
				CLANG_WARN_EMPTY_BODY = YES;
				CLANG_WARN_ENUM_CONVERSION = YES;
				CLANG_WARN_INFINITE_RECURSION = YES;
				CLANG_WARN_INT_CONVERSION = YES;
				CLANG_WARN_NON_LITERAL_NULL_CONVERSION = YES;
				CLANG_WARN_OBJC_IMPLICIT_RETAIN_SELF = YES;
				CLANG_WARN_OBJC_LITERAL_CONVERSION = YES;
				CLANG_WARN_OBJC_ROOT_CLASS = YES_ERROR;
				CLANG_WARN_RANGE_LOOP_ANALYSIS = YES;
				CLANG_WARN_STRICT_PROTOTYPES = YES;
				CLANG_WARN_SUSPICIOUS_MOVE = YES;
				CLANG_WARN_UNGUARDED_AVAILABILITY = YES_AGGRESSIVE;
				CLANG_WARN_UNREACHABLE_CODE = YES;
				CLANG_WARN__DUPLICATE_METHOD_MATCH = YES;
				COPY_PHASE_STRIP = NO;
				DEBUG_INFORMATION_FORMAT = "dwarf-with-dsym";
				ENABLE_NS_ASSERTIONS = NO;
				ENABLE_STRICT_OBJC_MSGSEND = YES;
				GCC_C_LANGUAGE_STANDARD = gnu11;
				GCC_NO_COMMON_BLOCKS = YES;
				GCC_WARN_64_TO_32_BIT_CONVERSION = YES;
				GCC_WARN_ABOUT_RETURN_TYPE = YES_ERROR;
				GCC_WARN_UNDECLARED_SELECTOR = YES;
				GCC_WARN_UNINITIALIZED_AUTOS = YES_AGGRESSIVE;
				GCC_WARN_UNUSED_FUNCTION = YES;
				GCC_WARN_UNUSED_VARIABLE = YES;
				IPHONEOS_DEPLOYMENT_TARGET = 13.4;
				MTL_ENABLE_DEBUG_INFO = NO;
				MTL_FAST_MATH = YES;
				SDKROOT = iphoneos;
				SWIFT_COMPILATION_MODE = wholemodule;
				SWIFT_OPTIMIZATION_LEVEL = "-O";
				VALIDATE_PRODUCT = YES;
			};
			name = Release;
		};
		DC686DB12472C97B0001FF64 /* Debug */ = {
			isa = XCBuildConfiguration;
			baseConfigurationReference = 2182DF6AD28CC897CD80C615 /* Pods-iOS-Central-App.debug.xcconfig */;
			buildSettings = {
				ASSETCATALOG_COMPILER_APPICON_NAME = AppIcon;
				CODE_SIGN_STYLE = Automatic;
				DEVELOPMENT_TEAM = 93GCYU77NH;
				INFOPLIST_FILE = "iOS-Central-App/Info.plist";
				LD_RUNPATH_SEARCH_PATHS = (
					"$(inherited)",
					"@executable_path/Frameworks",
				);
				PRODUCT_BUNDLE_IDENTIFIER = "com.galecki.iOS-Central-App";
				PRODUCT_NAME = "$(TARGET_NAME)";
				SWIFT_VERSION = 5.0;
				TARGETED_DEVICE_FAMILY = "1,2";
			};
			name = Debug;
		};
		DC686DB22472C97B0001FF64 /* Release */ = {
			isa = XCBuildConfiguration;
			baseConfigurationReference = 906F9B10A756B72A0F52093D /* Pods-iOS-Central-App.release.xcconfig */;
			buildSettings = {
				ASSETCATALOG_COMPILER_APPICON_NAME = AppIcon;
				CODE_SIGN_STYLE = Automatic;
				DEVELOPMENT_TEAM = 93GCYU77NH;
				INFOPLIST_FILE = "iOS-Central-App/Info.plist";
				LD_RUNPATH_SEARCH_PATHS = (
					"$(inherited)",
					"@executable_path/Frameworks",
				);
				PRODUCT_BUNDLE_IDENTIFIER = "com.galecki.iOS-Central-App";
				PRODUCT_NAME = "$(TARGET_NAME)";
				SWIFT_VERSION = 5.0;
				TARGETED_DEVICE_FAMILY = "1,2";
			};
			name = Release;
		};
/* End XCBuildConfiguration section */

/* Begin XCConfigurationList section */
		DC686D972472C9780001FF64 /* Build configuration list for PBXProject "iOS-Central-App" */ = {
			isa = XCConfigurationList;
			buildConfigurations = (
				DC686DAE2472C97B0001FF64 /* Debug */,
				DC686DAF2472C97B0001FF64 /* Release */,
			);
			defaultConfigurationIsVisible = 0;
			defaultConfigurationName = Release;
		};
		DC686DB02472C97B0001FF64 /* Build configuration list for PBXNativeTarget "iOS-Central-App" */ = {
			isa = XCConfigurationList;
			buildConfigurations = (
				DC686DB12472C97B0001FF64 /* Debug */,
				DC686DB22472C97B0001FF64 /* Release */,
			);
			defaultConfigurationIsVisible = 0;
			defaultConfigurationName = Release;
		};
/* End XCConfigurationList section */
	};
	rootObject = DC686D942472C9780001FF64 /* Project object */;
}
